{
    "name": "cli",
    "lockfileVersion": 3,
    "requires": true,
    "packages": {
        "": {
            "dependencies": {
                "moment": "^2.30.1",
                "sharp": "^0.33.2"
            },
            "devDependencies": {
                "@inquirer/prompts": "^3.3.0",
                "chalk": "^5.3.0",
                "commander": "^11.1.0"
            }
        },
        "node_modules/@emnapi/runtime": {
            "version": "0.45.0",
            "resolved": "https://registry.npmjs.org/@emnapi/runtime/-/runtime-0.45.0.tgz",
            "integrity": "sha512-Txumi3td7J4A/xTTwlssKieHKTGl3j4A1tglBx72auZ49YK7ePY6XZricgIg9mnZT4xPfA+UPCUdnhRuEFDL+w==",
            "optional": true,
            "dependencies": {
                "tslib": "^2.4.0"
            }
        },
        "node_modules/@img/sharp-darwin-arm64": {
            "version": "0.33.2",
            "resolved": "https://registry.npmjs.org/@img/sharp-darwin-arm64/-/sharp-darwin-arm64-0.33.2.tgz",
            "integrity": "sha512-itHBs1rPmsmGF9p4qRe++CzCgd+kFYktnsoR1sbIAfsRMrJZau0Tt1AH9KVnufc2/tU02Gf6Ibujx+15qRE03w==",
            "cpu": [
                "arm64"
            ],
            "optional": true,
            "os": [
                "darwin"
            ],
            "engines": {
                "glibc": ">=2.26",
                "node": "^18.17.0 || ^20.3.0 || >=21.0.0",
                "npm": ">=9.6.5",
                "pnpm": ">=7.1.0",
                "yarn": ">=3.2.0"
            },
            "funding": {
                "url": "https://opencollective.com/libvips"
            },
            "optionalDependencies": {
                "@img/sharp-libvips-darwin-arm64": "1.0.1"
            }
        },
        "node_modules/@img/sharp-darwin-x64": {
            "version": "0.33.2",
            "resolved": "https://registry.npmjs.org/@img/sharp-darwin-x64/-/sharp-darwin-x64-0.33.2.tgz",
            "integrity": "sha512-/rK/69Rrp9x5kaWBjVN07KixZanRr+W1OiyKdXcbjQD6KbW+obaTeBBtLUAtbBsnlTTmWthw99xqoOS7SsySDg==",
            "cpu": [
                "x64"
            ],
            "optional": true,
            "os": [
                "darwin"
            ],
            "engines": {
                "glibc": ">=2.26",
                "node": "^18.17.0 || ^20.3.0 || >=21.0.0",
                "npm": ">=9.6.5",
                "pnpm": ">=7.1.0",
                "yarn": ">=3.2.0"
            },
            "funding": {
                "url": "https://opencollective.com/libvips"
            },
            "optionalDependencies": {
                "@img/sharp-libvips-darwin-x64": "1.0.1"
            }
        },
        "node_modules/@img/sharp-libvips-darwin-arm64": {
            "version": "1.0.1",
            "resolved": "https://registry.npmjs.org/@img/sharp-libvips-darwin-arm64/-/sharp-libvips-darwin-arm64-1.0.1.tgz",
            "integrity": "sha512-kQyrSNd6lmBV7O0BUiyu/OEw9yeNGFbQhbxswS1i6rMDwBBSX+e+rPzu3S+MwAiGU3HdLze3PanQ4Xkfemgzcw==",
            "cpu": [
                "arm64"
            ],
            "optional": true,
            "os": [
                "darwin"
            ],
            "engines": {
                "macos": ">=11",
                "npm": ">=9.6.5",
                "pnpm": ">=7.1.0",
                "yarn": ">=3.2.0"
            },
            "funding": {
                "url": "https://opencollective.com/libvips"
            }
        },
        "node_modules/@img/sharp-libvips-darwin-x64": {
            "version": "1.0.1",
            "resolved": "https://registry.npmjs.org/@img/sharp-libvips-darwin-x64/-/sharp-libvips-darwin-x64-1.0.1.tgz",
            "integrity": "sha512-eVU/JYLPVjhhrd8Tk6gosl5pVlvsqiFlt50wotCvdkFGf+mDNBJxMh+bvav+Wt3EBnNZWq8Sp2I7XfSjm8siog==",
            "cpu": [
                "x64"
            ],
            "optional": true,
            "os": [
                "darwin"
            ],
            "engines": {
                "macos": ">=10.13",
                "npm": ">=9.6.5",
                "pnpm": ">=7.1.0",
                "yarn": ">=3.2.0"
            },
            "funding": {
                "url": "https://opencollective.com/libvips"
            }
        },
        "node_modules/@img/sharp-libvips-linux-arm": {
            "version": "1.0.1",
            "resolved": "https://registry.npmjs.org/@img/sharp-libvips-linux-arm/-/sharp-libvips-linux-arm-1.0.1.tgz",
            "integrity": "sha512-FtdMvR4R99FTsD53IA3LxYGghQ82t3yt0ZQ93WMZ2xV3dqrb0E8zq4VHaTOuLEAuA83oDawHV3fd+BsAPadHIQ==",
            "cpu": [
                "arm"
            ],
            "optional": true,
            "os": [
                "linux"
            ],
            "engines": {
                "glibc": ">=2.28",
                "npm": ">=9.6.5",
                "pnpm": ">=7.1.0",
                "yarn": ">=3.2.0"
            },
            "funding": {
                "url": "https://opencollective.com/libvips"
            }
        },
        "node_modules/@img/sharp-libvips-linux-arm64": {
            "version": "1.0.1",
            "resolved": "https://registry.npmjs.org/@img/sharp-libvips-linux-arm64/-/sharp-libvips-linux-arm64-1.0.1.tgz",
            "integrity": "sha512-bnGG+MJjdX70mAQcSLxgeJco11G+MxTz+ebxlz8Y3dxyeb3Nkl7LgLI0mXupoO+u1wRNx/iRj5yHtzA4sde1yA==",
            "cpu": [
                "arm64"
            ],
            "optional": true,
            "os": [
                "linux"
            ],
            "engines": {
                "glibc": ">=2.26",
                "npm": ">=9.6.5",
                "pnpm": ">=7.1.0",
                "yarn": ">=3.2.0"
            },
            "funding": {
                "url": "https://opencollective.com/libvips"
            }
        },
        "node_modules/@img/sharp-libvips-linux-s390x": {
            "version": "1.0.1",
            "resolved": "https://registry.npmjs.org/@img/sharp-libvips-linux-s390x/-/sharp-libvips-linux-s390x-1.0.1.tgz",
            "integrity": "sha512-3+rzfAR1YpMOeA2zZNp+aYEzGNWK4zF3+sdMxuCS3ey9HhDbJ66w6hDSHDMoap32DueFwhhs3vwooAB2MaK4XQ==",
            "cpu": [
                "s390x"
            ],
            "optional": true,
            "os": [
                "linux"
            ],
            "engines": {
                "glibc": ">=2.28",
                "npm": ">=9.6.5",
                "pnpm": ">=7.1.0",
                "yarn": ">=3.2.0"
            },
            "funding": {
                "url": "https://opencollective.com/libvips"
            }
        },
        "node_modules/@img/sharp-libvips-linux-x64": {
            "version": "1.0.1",
            "resolved": "https://registry.npmjs.org/@img/sharp-libvips-linux-x64/-/sharp-libvips-linux-x64-1.0.1.tgz",
            "integrity": "sha512-3NR1mxFsaSgMMzz1bAnnKbSAI+lHXVTqAHgc1bgzjHuXjo4hlscpUxc0vFSAPKI3yuzdzcZOkq7nDPrP2F8Jgw==",
            "cpu": [
                "x64"
            ],
            "optional": true,
            "os": [
                "linux"
            ],
            "engines": {
                "glibc": ">=2.26",
                "npm": ">=9.6.5",
                "pnpm": ">=7.1.0",
                "yarn": ">=3.2.0"
            },
            "funding": {
                "url": "https://opencollective.com/libvips"
            }
        },
        "node_modules/@img/sharp-libvips-linuxmusl-arm64": {
            "version": "1.0.1",
            "resolved": "https://registry.npmjs.org/@img/sharp-libvips-linuxmusl-arm64/-/sharp-libvips-linuxmusl-arm64-1.0.1.tgz",
            "integrity": "sha512-5aBRcjHDG/T6jwC3Edl3lP8nl9U2Yo8+oTl5drd1dh9Z1EBfzUKAJFUDTDisDjUwc7N4AjnPGfCA3jl3hY8uDg==",
            "cpu": [
                "arm64"
            ],
            "optional": true,
            "os": [
                "linux"
            ],
            "engines": {
                "musl": ">=1.2.2",
                "npm": ">=9.6.5",
                "pnpm": ">=7.1.0",
                "yarn": ">=3.2.0"
            },
            "funding": {
                "url": "https://opencollective.com/libvips"
            }
        },
        "node_modules/@img/sharp-libvips-linuxmusl-x64": {
            "version": "1.0.1",
            "resolved": "https://registry.npmjs.org/@img/sharp-libvips-linuxmusl-x64/-/sharp-libvips-linuxmusl-x64-1.0.1.tgz",
            "integrity": "sha512-dcT7inI9DBFK6ovfeWRe3hG30h51cBAP5JXlZfx6pzc/Mnf9HFCQDLtYf4MCBjxaaTfjCCjkBxcy3XzOAo5txw==",
            "cpu": [
                "x64"
            ],
            "optional": true,
            "os": [
                "linux"
            ],
            "engines": {
                "musl": ">=1.2.2",
                "npm": ">=9.6.5",
                "pnpm": ">=7.1.0",
                "yarn": ">=3.2.0"
            },
            "funding": {
                "url": "https://opencollective.com/libvips"
            }
        },
        "node_modules/@img/sharp-linux-arm": {
            "version": "0.33.2",
            "resolved": "https://registry.npmjs.org/@img/sharp-linux-arm/-/sharp-linux-arm-0.33.2.tgz",
            "integrity": "sha512-Fndk/4Zq3vAc4G/qyfXASbS3HBZbKrlnKZLEJzPLrXoJuipFNNwTes71+Ki1hwYW5lch26niRYoZFAtZVf3EGA==",
            "cpu": [
                "arm"
            ],
            "optional": true,
            "os": [
                "linux"
            ],
            "engines": {
                "glibc": ">=2.28",
                "node": "^18.17.0 || ^20.3.0 || >=21.0.0",
                "npm": ">=9.6.5",
                "pnpm": ">=7.1.0",
                "yarn": ">=3.2.0"
            },
            "funding": {
                "url": "https://opencollective.com/libvips"
            },
            "optionalDependencies": {
                "@img/sharp-libvips-linux-arm": "1.0.1"
            }
        },
        "node_modules/@img/sharp-linux-arm64": {
            "version": "0.33.2",
            "resolved": "https://registry.npmjs.org/@img/sharp-linux-arm64/-/sharp-linux-arm64-0.33.2.tgz",
            "integrity": "sha512-pz0NNo882vVfqJ0yNInuG9YH71smP4gRSdeL09ukC2YLE6ZyZePAlWKEHgAzJGTiOh8Qkaov6mMIMlEhmLdKew==",
            "cpu": [
                "arm64"
            ],
            "optional": true,
            "os": [
                "linux"
            ],
            "engines": {
                "glibc": ">=2.26",
                "node": "^18.17.0 || ^20.3.0 || >=21.0.0",
                "npm": ">=9.6.5",
                "pnpm": ">=7.1.0",
                "yarn": ">=3.2.0"
            },
            "funding": {
                "url": "https://opencollective.com/libvips"
            },
            "optionalDependencies": {
                "@img/sharp-libvips-linux-arm64": "1.0.1"
            }
        },
        "node_modules/@img/sharp-linux-s390x": {
            "version": "0.33.2",
            "resolved": "https://registry.npmjs.org/@img/sharp-linux-s390x/-/sharp-linux-s390x-0.33.2.tgz",
            "integrity": "sha512-MBoInDXDppMfhSzbMmOQtGfloVAflS2rP1qPcUIiITMi36Mm5YR7r0ASND99razjQUpHTzjrU1flO76hKvP5RA==",
            "cpu": [
                "s390x"
            ],
            "optional": true,
            "os": [
                "linux"
            ],
            "engines": {
                "glibc": ">=2.28",
                "node": "^18.17.0 || ^20.3.0 || >=21.0.0",
                "npm": ">=9.6.5",
                "pnpm": ">=7.1.0",
                "yarn": ">=3.2.0"
            },
            "funding": {
                "url": "https://opencollective.com/libvips"
            },
            "optionalDependencies": {
                "@img/sharp-libvips-linux-s390x": "1.0.1"
            }
        },
        "node_modules/@img/sharp-linux-x64": {
            "version": "0.33.2",
            "resolved": "https://registry.npmjs.org/@img/sharp-linux-x64/-/sharp-linux-x64-0.33.2.tgz",
            "integrity": "sha512-xUT82H5IbXewKkeF5aiooajoO1tQV4PnKfS/OZtb5DDdxS/FCI/uXTVZ35GQ97RZXsycojz/AJ0asoz6p2/H/A==",
            "cpu": [
                "x64"
            ],
            "optional": true,
            "os": [
                "linux"
            ],
            "engines": {
                "glibc": ">=2.26",
                "node": "^18.17.0 || ^20.3.0 || >=21.0.0",
                "npm": ">=9.6.5",
                "pnpm": ">=7.1.0",
                "yarn": ">=3.2.0"
            },
            "funding": {
                "url": "https://opencollective.com/libvips"
            },
            "optionalDependencies": {
                "@img/sharp-libvips-linux-x64": "1.0.1"
            }
        },
        "node_modules/@img/sharp-linuxmusl-arm64": {
            "version": "0.33.2",
            "resolved": "https://registry.npmjs.org/@img/sharp-linuxmusl-arm64/-/sharp-linuxmusl-arm64-0.33.2.tgz",
            "integrity": "sha512-F+0z8JCu/UnMzg8IYW1TMeiViIWBVg7IWP6nE0p5S5EPQxlLd76c8jYemG21X99UzFwgkRo5yz2DS+zbrnxZeA==",
            "cpu": [
                "arm64"
            ],
            "optional": true,
            "os": [
                "linux"
            ],
            "engines": {
                "musl": ">=1.2.2",
                "node": "^18.17.0 || ^20.3.0 || >=21.0.0",
                "npm": ">=9.6.5",
                "pnpm": ">=7.1.0",
                "yarn": ">=3.2.0"
            },
            "funding": {
                "url": "https://opencollective.com/libvips"
            },
            "optionalDependencies": {
                "@img/sharp-libvips-linuxmusl-arm64": "1.0.1"
            }
        },
        "node_modules/@img/sharp-linuxmusl-x64": {
            "version": "0.33.2",
            "resolved": "https://registry.npmjs.org/@img/sharp-linuxmusl-x64/-/sharp-linuxmusl-x64-0.33.2.tgz",
            "integrity": "sha512-+ZLE3SQmSL+Fn1gmSaM8uFusW5Y3J9VOf+wMGNnTtJUMUxFhv+P4UPaYEYT8tqnyYVaOVGgMN/zsOxn9pSsO2A==",
            "cpu": [
                "x64"
            ],
            "optional": true,
            "os": [
                "linux"
            ],
            "engines": {
                "musl": ">=1.2.2",
                "node": "^18.17.0 || ^20.3.0 || >=21.0.0",
                "npm": ">=9.6.5",
                "pnpm": ">=7.1.0",
                "yarn": ">=3.2.0"
            },
            "funding": {
                "url": "https://opencollective.com/libvips"
            },
            "optionalDependencies": {
                "@img/sharp-libvips-linuxmusl-x64": "1.0.1"
            }
        },
        "node_modules/@img/sharp-wasm32": {
            "version": "0.33.2",
            "resolved": "https://registry.npmjs.org/@img/sharp-wasm32/-/sharp-wasm32-0.33.2.tgz",
            "integrity": "sha512-fLbTaESVKuQcpm8ffgBD7jLb/CQLcATju/jxtTXR1XCLwbOQt+OL5zPHSDMmp2JZIeq82e18yE0Vv7zh6+6BfQ==",
            "cpu": [
                "wasm32"
            ],
            "optional": true,
            "dependencies": {
                "@emnapi/runtime": "^0.45.0"
            },
            "engines": {
                "node": "^18.17.0 || ^20.3.0 || >=21.0.0",
                "npm": ">=9.6.5",
                "pnpm": ">=7.1.0",
                "yarn": ">=3.2.0"
            },
            "funding": {
                "url": "https://opencollective.com/libvips"
            }
        },
        "node_modules/@img/sharp-win32-ia32": {
            "version": "0.33.2",
            "resolved": "https://registry.npmjs.org/@img/sharp-win32-ia32/-/sharp-win32-ia32-0.33.2.tgz",
            "integrity": "sha512-okBpql96hIGuZ4lN3+nsAjGeggxKm7hIRu9zyec0lnfB8E7Z6p95BuRZzDDXZOl2e8UmR4RhYt631i7mfmKU8g==",
            "cpu": [
                "ia32"
            ],
            "optional": true,
            "os": [
                "win32"
            ],
            "engines": {
                "node": "^18.17.0 || ^20.3.0 || >=21.0.0",
                "npm": ">=9.6.5",
                "pnpm": ">=7.1.0",
                "yarn": ">=3.2.0"
            },
            "funding": {
                "url": "https://opencollective.com/libvips"
            }
        },
        "node_modules/@img/sharp-win32-x64": {
            "version": "0.33.2",
            "resolved": "https://registry.npmjs.org/@img/sharp-win32-x64/-/sharp-win32-x64-0.33.2.tgz",
            "integrity": "sha512-E4magOks77DK47FwHUIGH0RYWSgRBfGdK56kIHSVeB9uIS4pPFr4N2kIVsXdQQo4LzOsENKV5KAhRlRL7eMAdg==",
            "cpu": [
                "x64"
            ],
            "optional": true,
            "os": [
                "win32"
            ],
            "engines": {
                "node": "^18.17.0 || ^20.3.0 || >=21.0.0",
                "npm": ">=9.6.5",
                "pnpm": ">=7.1.0",
                "yarn": ">=3.2.0"
            },
            "funding": {
                "url": "https://opencollective.com/libvips"
            }
        },
        "node_modules/@inquirer/checkbox": {
            "version": "1.5.0",
            "resolved": "https://registry.npmjs.org/@inquirer/checkbox/-/checkbox-1.5.0.tgz",
            "integrity": "sha512-3cKJkW1vIZAs4NaS0reFsnpAjP0azffYII4I2R7PTI7ZTMg5Y1at4vzXccOH3762b2c2L4drBhpJpf9uiaGNxA==",
            "dev": true,
            "dependencies": {
                "@inquirer/core": "^5.1.1",
                "@inquirer/type": "^1.1.5",
                "ansi-escapes": "^4.3.2",
                "chalk": "^4.1.2",
                "figures": "^3.2.0"
            },
            "engines": {
                "node": ">=14.18.0"
            }
        },
        "node_modules/@inquirer/checkbox/node_modules/chalk": {
            "version": "4.1.2",
            "resolved": "https://registry.npmjs.org/chalk/-/chalk-4.1.2.tgz",
            "integrity": "sha512-oKnbhFyRIXpUuez8iBMmyEa4nbj4IOQyuhc/wy9kY7/WVPcwIO9VA668Pu8RkO7+0G76SLROeyw9CpQ061i4mA==",
            "dev": true,
            "dependencies": {
                "ansi-styles": "^4.1.0",
                "supports-color": "^7.1.0"
            },
            "engines": {
                "node": ">=10"
            },
            "funding": {
                "url": "https://github.com/chalk/chalk?sponsor=1"
            }
        },
        "node_modules/@inquirer/confirm": {
            "version": "2.0.15",
            "resolved": "https://registry.npmjs.org/@inquirer/confirm/-/confirm-2.0.15.tgz",
            "integrity": "sha512-hj8Q/z7sQXsF0DSpLQZVDhWYGN6KLM/gNjjqGkpKwBzljbQofGjn0ueHADy4HUY+OqDHmXuwk/bY+tZyIuuB0w==",
            "dev": true,
            "dependencies": {
                "@inquirer/core": "^5.1.1",
                "@inquirer/type": "^1.1.5",
                "chalk": "^4.1.2"
            },
            "engines": {
                "node": ">=14.18.0"
            }
        },
        "node_modules/@inquirer/confirm/node_modules/chalk": {
            "version": "4.1.2",
            "resolved": "https://registry.npmjs.org/chalk/-/chalk-4.1.2.tgz",
            "integrity": "sha512-oKnbhFyRIXpUuez8iBMmyEa4nbj4IOQyuhc/wy9kY7/WVPcwIO9VA668Pu8RkO7+0G76SLROeyw9CpQ061i4mA==",
            "dev": true,
            "dependencies": {
                "ansi-styles": "^4.1.0",
                "supports-color": "^7.1.0"
            },
            "engines": {
                "node": ">=10"
            },
            "funding": {
                "url": "https://github.com/chalk/chalk?sponsor=1"
            }
        },
        "node_modules/@inquirer/core": {
            "version": "5.1.1",
            "resolved": "https://registry.npmjs.org/@inquirer/core/-/core-5.1.1.tgz",
            "integrity": "sha512-IuJyZQUg75+L5AmopgnzxYrgcU6PJKL0hoIs332G1Gv55CnmZrhG6BzNOeZ5sOsTi1YCGOopw4rYICv74ejMFg==",
            "dev": true,
            "dependencies": {
                "@inquirer/type": "^1.1.5",
                "@types/mute-stream": "^0.0.4",
                "@types/node": "^20.9.0",
                "@types/wrap-ansi": "^3.0.0",
                "ansi-escapes": "^4.3.2",
                "chalk": "^4.1.2",
                "cli-spinners": "^2.9.1",
                "cli-width": "^4.1.0",
                "figures": "^3.2.0",
                "mute-stream": "^1.0.0",
                "run-async": "^3.0.0",
                "signal-exit": "^4.1.0",
                "strip-ansi": "^6.0.1",
                "wrap-ansi": "^6.2.0"
            },
            "engines": {
                "node": ">=14.18.0"
            }
        },
        "node_modules/@inquirer/core/node_modules/chalk": {
            "version": "4.1.2",
            "resolved": "https://registry.npmjs.org/chalk/-/chalk-4.1.2.tgz",
            "integrity": "sha512-oKnbhFyRIXpUuez8iBMmyEa4nbj4IOQyuhc/wy9kY7/WVPcwIO9VA668Pu8RkO7+0G76SLROeyw9CpQ061i4mA==",
            "dev": true,
            "dependencies": {
                "ansi-styles": "^4.1.0",
                "supports-color": "^7.1.0"
            },
            "engines": {
                "node": ">=10"
            },
            "funding": {
                "url": "https://github.com/chalk/chalk?sponsor=1"
            }
        },
        "node_modules/@inquirer/editor": {
            "version": "1.2.13",
            "resolved": "https://registry.npmjs.org/@inquirer/editor/-/editor-1.2.13.tgz",
            "integrity": "sha512-gBxjqt0B9GLN0j6M/tkEcmcIvB2fo9Cw0f5NRqDTkYyB9AaCzj7qvgG0onQ3GVPbMyMbbP4tWYxrBOaOdKpzNA==",
            "dev": true,
            "dependencies": {
                "@inquirer/core": "^5.1.1",
                "@inquirer/type": "^1.1.5",
                "chalk": "^4.1.2",
                "external-editor": "^3.1.0"
            },
            "engines": {
                "node": ">=14.18.0"
            }
        },
        "node_modules/@inquirer/editor/node_modules/chalk": {
            "version": "4.1.2",
            "resolved": "https://registry.npmjs.org/chalk/-/chalk-4.1.2.tgz",
            "integrity": "sha512-oKnbhFyRIXpUuez8iBMmyEa4nbj4IOQyuhc/wy9kY7/WVPcwIO9VA668Pu8RkO7+0G76SLROeyw9CpQ061i4mA==",
            "dev": true,
            "dependencies": {
                "ansi-styles": "^4.1.0",
                "supports-color": "^7.1.0"
            },
            "engines": {
                "node": ">=10"
            },
            "funding": {
                "url": "https://github.com/chalk/chalk?sponsor=1"
            }
        },
        "node_modules/@inquirer/expand": {
            "version": "1.1.14",
            "resolved": "https://registry.npmjs.org/@inquirer/expand/-/expand-1.1.14.tgz",
            "integrity": "sha512-yS6fJ8jZYAsxdxuw2c8XTFMTvMR1NxZAw3LxDaFnqh7BZ++wTQ6rSp/2gGJhMacdZ85osb+tHxjVgx7F+ilv5g==",
            "dev": true,
            "dependencies": {
                "@inquirer/core": "^5.1.1",
                "@inquirer/type": "^1.1.5",
                "chalk": "^4.1.2",
                "figures": "^3.2.0"
            },
            "engines": {
                "node": ">=14.18.0"
            }
        },
        "node_modules/@inquirer/expand/node_modules/chalk": {
            "version": "4.1.2",
            "resolved": "https://registry.npmjs.org/chalk/-/chalk-4.1.2.tgz",
            "integrity": "sha512-oKnbhFyRIXpUuez8iBMmyEa4nbj4IOQyuhc/wy9kY7/WVPcwIO9VA668Pu8RkO7+0G76SLROeyw9CpQ061i4mA==",
            "dev": true,
            "dependencies": {
                "ansi-styles": "^4.1.0",
                "supports-color": "^7.1.0"
            },
            "engines": {
                "node": ">=10"
            },
            "funding": {
                "url": "https://github.com/chalk/chalk?sponsor=1"
            }
        },
        "node_modules/@inquirer/input": {
            "version": "1.2.14",
            "resolved": "https://registry.npmjs.org/@inquirer/input/-/input-1.2.14.tgz",
            "integrity": "sha512-tISLGpUKXixIQue7jypNEShrdzJoLvEvZOJ4QRsw5XTfrIYfoWFqAjMQLerGs9CzR86yAI89JR6snHmKwnNddw==",
            "dev": true,
            "dependencies": {
                "@inquirer/core": "^5.1.1",
                "@inquirer/type": "^1.1.5",
                "chalk": "^4.1.2"
            },
            "engines": {
                "node": ">=14.18.0"
            }
        },
        "node_modules/@inquirer/input/node_modules/chalk": {
            "version": "4.1.2",
            "resolved": "https://registry.npmjs.org/chalk/-/chalk-4.1.2.tgz",
            "integrity": "sha512-oKnbhFyRIXpUuez8iBMmyEa4nbj4IOQyuhc/wy9kY7/WVPcwIO9VA668Pu8RkO7+0G76SLROeyw9CpQ061i4mA==",
            "dev": true,
            "dependencies": {
                "ansi-styles": "^4.1.0",
                "supports-color": "^7.1.0"
            },
            "engines": {
                "node": ">=10"
            },
            "funding": {
                "url": "https://github.com/chalk/chalk?sponsor=1"
            }
        },
        "node_modules/@inquirer/password": {
            "version": "1.1.14",
            "resolved": "https://registry.npmjs.org/@inquirer/password/-/password-1.1.14.tgz",
            "integrity": "sha512-vL2BFxfMo8EvuGuZYlryiyAB3XsgtbxOcFs4H9WI9szAS/VZCAwdVqs8rqEeaAf/GV/eZOghIOYxvD91IsRWSg==",
            "dev": true,
            "dependencies": {
                "@inquirer/input": "^1.2.14",
                "@inquirer/type": "^1.1.5",
                "ansi-escapes": "^4.3.2",
                "chalk": "^4.1.2"
            },
            "engines": {
                "node": ">=14.18.0"
            }
        },
        "node_modules/@inquirer/password/node_modules/chalk": {
            "version": "4.1.2",
            "resolved": "https://registry.npmjs.org/chalk/-/chalk-4.1.2.tgz",
            "integrity": "sha512-oKnbhFyRIXpUuez8iBMmyEa4nbj4IOQyuhc/wy9kY7/WVPcwIO9VA668Pu8RkO7+0G76SLROeyw9CpQ061i4mA==",
            "dev": true,
            "dependencies": {
                "ansi-styles": "^4.1.0",
                "supports-color": "^7.1.0"
            },
            "engines": {
                "node": ">=10"
            },
            "funding": {
                "url": "https://github.com/chalk/chalk?sponsor=1"
            }
        },
        "node_modules/@inquirer/prompts": {
            "version": "3.3.0",
            "resolved": "https://registry.npmjs.org/@inquirer/prompts/-/prompts-3.3.0.tgz",
            "integrity": "sha512-BBCqdSnhNs+WziSIo4f/RNDu6HAj4R/Q5nMgJb5MNPFX8sJGCvj9BoALdmR0HTWXyDS7TO8euKj6W6vtqCQG7A==",
            "dev": true,
            "dependencies": {
                "@inquirer/checkbox": "^1.5.0",
                "@inquirer/confirm": "^2.0.15",
                "@inquirer/core": "^5.1.1",
                "@inquirer/editor": "^1.2.13",
                "@inquirer/expand": "^1.1.14",
                "@inquirer/input": "^1.2.14",
                "@inquirer/password": "^1.1.14",
                "@inquirer/rawlist": "^1.2.14",
                "@inquirer/select": "^1.3.1"
            },
            "engines": {
                "node": ">=14.18.0"
            }
        },
        "node_modules/@inquirer/rawlist": {
            "version": "1.2.14",
            "resolved": "https://registry.npmjs.org/@inquirer/rawlist/-/rawlist-1.2.14.tgz",
            "integrity": "sha512-xIYmDpYgfz2XGCKubSDLKEvadkIZAKbehHdWF082AyC2I4eHK44RUfXaoOAqnbqItZq4KHXS6jDJ78F2BmQvxg==",
            "dev": true,
            "dependencies": {
                "@inquirer/core": "^5.1.1",
                "@inquirer/type": "^1.1.5",
                "chalk": "^4.1.2"
            },
            "engines": {
                "node": ">=14.18.0"
            }
        },
        "node_modules/@inquirer/rawlist/node_modules/chalk": {
            "version": "4.1.2",
            "resolved": "https://registry.npmjs.org/chalk/-/chalk-4.1.2.tgz",
            "integrity": "sha512-oKnbhFyRIXpUuez8iBMmyEa4nbj4IOQyuhc/wy9kY7/WVPcwIO9VA668Pu8RkO7+0G76SLROeyw9CpQ061i4mA==",
            "dev": true,
            "dependencies": {
                "ansi-styles": "^4.1.0",
                "supports-color": "^7.1.0"
            },
            "engines": {
                "node": ">=10"
            },
            "funding": {
                "url": "https://github.com/chalk/chalk?sponsor=1"
            }
        },
        "node_modules/@inquirer/select": {
            "version": "1.3.1",
            "resolved": "https://registry.npmjs.org/@inquirer/select/-/select-1.3.1.tgz",
            "integrity": "sha512-EgOPHv7XOHEqiBwBJTyiMg9r57ySyW4oyYCumGp+pGyOaXQaLb2kTnccWI6NFd9HSi5kDJhF7YjA+3RfMQJ2JQ==",
            "dev": true,
            "dependencies": {
                "@inquirer/core": "^5.1.1",
                "@inquirer/type": "^1.1.5",
                "ansi-escapes": "^4.3.2",
                "chalk": "^4.1.2",
                "figures": "^3.2.0"
            },
            "engines": {
                "node": ">=14.18.0"
            }
        },
        "node_modules/@inquirer/select/node_modules/chalk": {
            "version": "4.1.2",
            "resolved": "https://registry.npmjs.org/chalk/-/chalk-4.1.2.tgz",
            "integrity": "sha512-oKnbhFyRIXpUuez8iBMmyEa4nbj4IOQyuhc/wy9kY7/WVPcwIO9VA668Pu8RkO7+0G76SLROeyw9CpQ061i4mA==",
            "dev": true,
            "dependencies": {
                "ansi-styles": "^4.1.0",
                "supports-color": "^7.1.0"
            },
            "engines": {
                "node": ">=10"
            },
            "funding": {
                "url": "https://github.com/chalk/chalk?sponsor=1"
            }
        },
        "node_modules/@inquirer/type": {
            "version": "1.1.5",
            "resolved": "https://registry.npmjs.org/@inquirer/type/-/type-1.1.5.tgz",
            "integrity": "sha512-wmwHvHozpPo4IZkkNtbYenem/0wnfI6hvOcGKmPEa0DwuaH5XUQzFqy6OpEpjEegZMhYIk8HDYITI16BPLtrRA==",
            "dev": true,
            "engines": {
                "node": ">=14.18.0"
            }
        },
        "node_modules/@types/mute-stream": {
            "version": "0.0.4",
            "resolved": "https://registry.npmjs.org/@types/mute-stream/-/mute-stream-0.0.4.tgz",
            "integrity": "sha512-CPM9nzrCPPJHQNA9keH9CVkVI+WR5kMa+7XEs5jcGQ0VoAGnLv242w8lIVgwAEfmE4oufJRaTc9PNLQl0ioAow==",
            "dev": true,
            "dependencies": {
                "@types/node": "*"
            }
        },
        "node_modules/@types/node": {
            "version": "20.9.2",
            "resolved": "https://registry.npmjs.org/@types/node/-/node-20.9.2.tgz",
            "integrity": "sha512-WHZXKFCEyIUJzAwh3NyyTHYSR35SevJ6mZ1nWwJafKtiQbqRTIKSRcw3Ma3acqgsent3RRDqeVwpHntMk+9irg==",
            "dev": true,
            "dependencies": {
                "undici-types": "~5.26.4"
            }
        },
        "node_modules/@types/wrap-ansi": {
            "version": "3.0.0",
            "resolved": "https://registry.npmjs.org/@types/wrap-ansi/-/wrap-ansi-3.0.0.tgz",
            "integrity": "sha512-ltIpx+kM7g/MLRZfkbL7EsCEjfzCcScLpkg37eXEtx5kmrAKBkTJwd1GIAjDSL8wTpM6Hzn5YO4pSb91BEwu1g==",
            "dev": true
        },
        "node_modules/ansi-escapes": {
            "version": "4.3.2",
            "resolved": "https://registry.npmjs.org/ansi-escapes/-/ansi-escapes-4.3.2.tgz",
            "integrity": "sha512-gKXj5ALrKWQLsYG9jlTRmR/xKluxHV+Z9QEwNIgCfM1/uwPMCuzVVnh5mwTd+OuBZcwSIMbqssNWRm1lE51QaQ==",
            "dev": true,
            "dependencies": {
                "type-fest": "^0.21.3"
            },
            "engines": {
                "node": ">=8"
            },
            "funding": {
                "url": "https://github.com/sponsors/sindresorhus"
            }
        },
        "node_modules/ansi-regex": {
            "version": "5.0.1",
            "resolved": "https://registry.npmjs.org/ansi-regex/-/ansi-regex-5.0.1.tgz",
            "integrity": "sha512-quJQXlTSUGL2LH9SUXo8VwsY4soanhgo6LNSm84E1LBcE8s3O0wpdiRzyR9z/ZZJMlMWv37qOOb9pdJlMUEKFQ==",
            "dev": true,
            "engines": {
                "node": ">=8"
            }
        },
        "node_modules/ansi-styles": {
            "version": "4.3.0",
            "resolved": "https://registry.npmjs.org/ansi-styles/-/ansi-styles-4.3.0.tgz",
            "integrity": "sha512-zbB9rCJAT1rbjiVDb2hqKFHNYLxgtk8NURxZ3IZwD3F6NtxbXZQCnnSi1Lkx+IDohdPlFp222wVALIheZJQSEg==",
            "dev": true,
            "dependencies": {
                "color-convert": "^2.0.1"
            },
            "engines": {
                "node": ">=8"
            },
            "funding": {
                "url": "https://github.com/chalk/ansi-styles?sponsor=1"
            }
        },
        "node_modules/chalk": {
            "version": "5.3.0",
            "resolved": "https://registry.npmjs.org/chalk/-/chalk-5.3.0.tgz",
            "integrity": "sha512-dLitG79d+GV1Nb/VYcCDFivJeK1hiukt9QjRNVOsUtTy1rR1YJsmpGGTZ3qJos+uw7WmWF4wUwBd9jxjocFC2w==",
            "dev": true,
            "engines": {
                "node": "^12.17.0 || ^14.13 || >=16.0.0"
            },
            "funding": {
                "url": "https://github.com/chalk/chalk?sponsor=1"
            }
        },
        "node_modules/chardet": {
            "version": "0.7.0",
            "resolved": "https://registry.npmjs.org/chardet/-/chardet-0.7.0.tgz",
            "integrity": "sha512-mT8iDcrh03qDGRRmoA2hmBJnxpllMR+0/0qlzjqZES6NdiWDcZkCNAk4rPFZ9Q85r27unkiNNg8ZOiwZXBHwcA==",
            "dev": true
        },
        "node_modules/cli-spinners": {
            "version": "2.9.1",
            "resolved": "https://registry.npmjs.org/cli-spinners/-/cli-spinners-2.9.1.tgz",
            "integrity": "sha512-jHgecW0pxkonBJdrKsqxgRX9AcG+u/5k0Q7WPDfi8AogLAdwxEkyYYNWwZ5GvVFoFx2uiY1eNcSK00fh+1+FyQ==",
            "dev": true,
            "engines": {
                "node": ">=6"
            },
            "funding": {
                "url": "https://github.com/sponsors/sindresorhus"
            }
        },
        "node_modules/cli-width": {
            "version": "4.1.0",
            "resolved": "https://registry.npmjs.org/cli-width/-/cli-width-4.1.0.tgz",
            "integrity": "sha512-ouuZd4/dm2Sw5Gmqy6bGyNNNe1qt9RpmxveLSO7KcgsTnU7RXfsw+/bukWGo1abgBiMAic068rclZsO4IWmmxQ==",
            "dev": true,
            "engines": {
                "node": ">= 12"
            }
        },
        "node_modules/color": {
            "version": "4.2.3",
            "resolved": "https://registry.npmjs.org/color/-/color-4.2.3.tgz",
            "integrity": "sha512-1rXeuUUiGGrykh+CeBdu5Ie7OJwinCgQY0bc7GCRxy5xVHy+moaqkpL/jqQq0MtQOeYcrqEz4abc5f0KtU7W4A==",
            "dependencies": {
                "color-convert": "^2.0.1",
                "color-string": "^1.9.0"
            },
            "engines": {
                "node": ">=12.5.0"
            }
        },
        "node_modules/color-convert": {
            "version": "2.0.1",
            "resolved": "https://registry.npmjs.org/color-convert/-/color-convert-2.0.1.tgz",
            "integrity": "sha512-RRECPsj7iu/xb5oKYcsFHSppFNnsj/52OVTRKb4zP5onXwVF3zVmmToNcOfGC+CRDpfK/U584fMg38ZHCaElKQ==",
            "dependencies": {
                "color-name": "~1.1.4"
            },
            "engines": {
                "node": ">=7.0.0"
            }
        },
        "node_modules/color-name": {
            "version": "1.1.4",
            "resolved": "https://registry.npmjs.org/color-name/-/color-name-1.1.4.tgz",
            "integrity": "sha512-dOy+3AuW3a2wNbZHIuMZpTcgjGuLU/uBL/ubcZF9OXbDo8ff4O8yVp5Bf0efS8uEoYo5q4Fx7dY9OgQGXgAsQA=="
        },
        "node_modules/color-string": {
            "version": "1.9.1",
            "resolved": "https://registry.npmjs.org/color-string/-/color-string-1.9.1.tgz",
            "integrity": "sha512-shrVawQFojnZv6xM40anx4CkoDP+fZsw/ZerEMsW/pyzsRbElpsL/DBVW7q3ExxwusdNXI3lXpuhEZkzs8p5Eg==",
            "dependencies": {
                "color-name": "^1.0.0",
                "simple-swizzle": "^0.2.2"
            }
        },
        "node_modules/commander": {
            "version": "11.1.0",
            "resolved": "https://registry.npmjs.org/commander/-/commander-11.1.0.tgz",
            "integrity": "sha512-yPVavfyCcRhmorC7rWlkHn15b4wDVgVmBA7kV4QVBsF7kv/9TKJAbAXVTxvTnwP8HHKjRCJDClKbciiYS7p0DQ==",
            "dev": true,
            "engines": {
                "node": ">=16"
            }
        },
        "node_modules/detect-libc": {
            "version": "2.0.2",
            "resolved": "https://registry.npmjs.org/detect-libc/-/detect-libc-2.0.2.tgz",
            "integrity": "sha512-UX6sGumvvqSaXgdKGUsgZWqcUyIXZ/vZTrlRT/iobiKhGL0zL4d3osHj3uqllWJK+i+sixDS/3COVEOFbupFyw==",
            "engines": {
                "node": ">=8"
            }
        },
        "node_modules/emoji-regex": {
            "version": "8.0.0",
            "resolved": "https://registry.npmjs.org/emoji-regex/-/emoji-regex-8.0.0.tgz",
            "integrity": "sha512-MSjYzcWNOA0ewAHpz0MxpYFvwg6yjy1NG3xteoqz644VCo/RPgnr1/GGt+ic3iJTzQ8Eu3TdM14SawnVUmGE6A==",
            "dev": true
        },
        "node_modules/escape-string-regexp": {
            "version": "1.0.5",
            "resolved": "https://registry.npmjs.org/escape-string-regexp/-/escape-string-regexp-1.0.5.tgz",
            "integrity": "sha512-vbRorB5FUQWvla16U8R/qgaFIya2qGzwDrNmCZuYKrbdSUMG6I1ZCGQRefkRVhuOkIGVne7BQ35DSfo1qvJqFg==",
            "dev": true,
            "engines": {
                "node": ">=0.8.0"
            }
        },
        "node_modules/external-editor": {
            "version": "3.1.0",
            "resolved": "https://registry.npmjs.org/external-editor/-/external-editor-3.1.0.tgz",
            "integrity": "sha512-hMQ4CX1p1izmuLYyZqLMO/qGNw10wSv9QDCPfzXfyFrOaCSSoRfqE1Kf1s5an66J5JZC62NewG+mK49jOCtQew==",
            "dev": true,
            "dependencies": {
                "chardet": "^0.7.0",
                "iconv-lite": "^0.4.24",
                "tmp": "^0.0.33"
            },
            "engines": {
                "node": ">=4"
            }
        },
        "node_modules/figures": {
            "version": "3.2.0",
            "resolved": "https://registry.npmjs.org/figures/-/figures-3.2.0.tgz",
            "integrity": "sha512-yaduQFRKLXYOGgEn6AZau90j3ggSOyiqXU0F9JZfeXYhNa+Jk4X+s45A2zg5jns87GAFa34BBm2kXw4XpNcbdg==",
            "dev": true,
            "dependencies": {
                "escape-string-regexp": "^1.0.5"
            },
            "engines": {
                "node": ">=8"
            },
            "funding": {
                "url": "https://github.com/sponsors/sindresorhus"
            }
        },
        "node_modules/has-flag": {
            "version": "4.0.0",
            "resolved": "https://registry.npmjs.org/has-flag/-/has-flag-4.0.0.tgz",
            "integrity": "sha512-EykJT/Q1KjTWctppgIAgfSO0tKVuZUjhgMr17kqTumMl6Afv3EISleU7qZUzoXDFTAHTDC4NOoG/ZxU3EvlMPQ==",
            "dev": true,
            "engines": {
                "node": ">=8"
            }
        },
        "node_modules/iconv-lite": {
            "version": "0.4.24",
            "resolved": "https://registry.npmjs.org/iconv-lite/-/iconv-lite-0.4.24.tgz",
            "integrity": "sha512-v3MXnZAcvnywkTUEZomIActle7RXXeedOR31wwl7VlyoXO4Qi9arvSenNQWne1TcRwhCL1HwLI21bEqdpj8/rA==",
            "dev": true,
            "dependencies": {
                "safer-buffer": ">= 2.1.2 < 3"
            },
            "engines": {
                "node": ">=0.10.0"
            }
        },
        "node_modules/is-arrayish": {
            "version": "0.3.2",
            "resolved": "https://registry.npmjs.org/is-arrayish/-/is-arrayish-0.3.2.tgz",
            "integrity": "sha512-eVRqCvVlZbuw3GrM63ovNSNAeA1K16kaR/LRY/92w0zxQ5/1YzwblUX652i4Xs9RwAGjW9d9y6X88t8OaAJfWQ=="
        },
        "node_modules/is-fullwidth-code-point": {
            "version": "3.0.0",
            "resolved": "https://registry.npmjs.org/is-fullwidth-code-point/-/is-fullwidth-code-point-3.0.0.tgz",
            "integrity": "sha512-zymm5+u+sCsSWyD9qNaejV3DFvhCKclKdizYaJUuHA83RLjb7nSuGnddCHGv0hk+KY7BMAlsWeK4Ueg6EV6XQg==",
            "dev": true,
            "engines": {
                "node": ">=8"
            }
        },
        "node_modules/lru-cache": {
            "version": "6.0.0",
            "resolved": "https://registry.npmjs.org/lru-cache/-/lru-cache-6.0.0.tgz",
            "integrity": "sha512-Jo6dJ04CmSjuznwJSS3pUeWmd/H0ffTlkXXgwZi+eq1UCmqQwCh+eLsYOYCwY991i2Fah4h1BEMCx4qThGbsiA==",
            "dependencies": {
                "yallist": "^4.0.0"
            },
            "engines": {
                "node": ">=10"
            }
        },
        "node_modules/moment": {
            "version": "2.30.1",
            "resolved": "https://registry.npmjs.org/moment/-/moment-2.30.1.tgz",
            "integrity": "sha512-uEmtNhbDOrWPFS+hdjFCBfy9f2YoyzRpwcl+DqpC6taX21FzsTLQVbMV/W7PzNSX6x/bhC1zA3c2UQ5NzH6how==",
            "engines": {
                "node": "*"
            }
        },
        "node_modules/mute-stream": {
            "version": "1.0.0",
            "resolved": "https://registry.npmjs.org/mute-stream/-/mute-stream-1.0.0.tgz",
            "integrity": "sha512-avsJQhyd+680gKXyG/sQc0nXaC6rBkPOfyHYcFb9+hdkqQkR9bdnkJ0AMZhke0oesPqIO+mFFJ+IdBc7mst4IA==",
            "dev": true,
            "engines": {
                "node": "^14.17.0 || ^16.13.0 || >=18.0.0"
            }
        },
        "node_modules/os-tmpdir": {
            "version": "1.0.2",
            "resolved": "https://registry.npmjs.org/os-tmpdir/-/os-tmpdir-1.0.2.tgz",
            "integrity": "sha512-D2FR03Vir7FIu45XBY20mTb+/ZSWB00sjU9jdQXt83gDrI4Ztz5Fs7/yy74g2N5SVQY4xY1qDr4rNddwYRVX0g==",
            "dev": true,
            "engines": {
                "node": ">=0.10.0"
            }
        },
        "node_modules/run-async": {
            "version": "3.0.0",
            "resolved": "https://registry.npmjs.org/run-async/-/run-async-3.0.0.tgz",
            "integrity": "sha512-540WwVDOMxA6dN6We19EcT9sc3hkXPw5mzRNGM3FkdN/vtE9NFvj5lFAPNwUDmJjXidm3v7TC1cTE7t17Ulm1Q==",
            "dev": true,
            "engines": {
                "node": ">=0.12.0"
            }
        },
        "node_modules/safer-buffer": {
            "version": "2.1.2",
            "resolved": "https://registry.npmjs.org/safer-buffer/-/safer-buffer-2.1.2.tgz",
            "integrity": "sha512-YZo3K82SD7Riyi0E1EQPojLz7kpepnSQI9IyPbHHg1XXXevb5dJI7tpyN2ADxGcQbHG7vcyRHk0cbwqcQriUtg==",
            "dev": true
        },
        "node_modules/semver": {
            "version": "7.5.4",
            "resolved": "https://registry.npmjs.org/semver/-/semver-7.5.4.tgz",
            "integrity": "sha512-1bCSESV6Pv+i21Hvpxp3Dx+pSD8lIPt8uVjRrxAUt/nbswYc+tK6Y2btiULjd4+fnq15PX+nqQDC7Oft7WkwcA==",
            "dependencies": {
                "lru-cache": "^6.0.0"
            },
            "bin": {
                "semver": "bin/semver.js"
            },
            "engines": {
                "node": ">=10"
            }
        },
        "node_modules/sharp": {
            "version": "0.33.2",
            "resolved": "https://registry.npmjs.org/sharp/-/sharp-0.33.2.tgz",
            "integrity": "sha512-WlYOPyyPDiiM07j/UO+E720ju6gtNtHjEGg5vovUk1Lgxyjm2LFO+37Nt/UI3MMh2l6hxTWQWi7qk3cXJTutcQ==",
            "hasInstallScript": true,
            "dependencies": {
                "color": "^4.2.3",
                "detect-libc": "^2.0.2",
                "semver": "^7.5.4"
            },
            "engines": {
                "libvips": ">=8.15.1",
                "node": "^18.17.0 || ^20.3.0 || >=21.0.0"
            },
            "funding": {
                "url": "https://opencollective.com/libvips"
            },
            "optionalDependencies": {
                "@img/sharp-darwin-arm64": "0.33.2",
                "@img/sharp-darwin-x64": "0.33.2",
                "@img/sharp-libvips-darwin-arm64": "1.0.1",
                "@img/sharp-libvips-darwin-x64": "1.0.1",
                "@img/sharp-libvips-linux-arm": "1.0.1",
                "@img/sharp-libvips-linux-arm64": "1.0.1",
                "@img/sharp-libvips-linux-s390x": "1.0.1",
                "@img/sharp-libvips-linux-x64": "1.0.1",
                "@img/sharp-libvips-linuxmusl-arm64": "1.0.1",
                "@img/sharp-libvips-linuxmusl-x64": "1.0.1",
                "@img/sharp-linux-arm": "0.33.2",
                "@img/sharp-linux-arm64": "0.33.2",
                "@img/sharp-linux-s390x": "0.33.2",
                "@img/sharp-linux-x64": "0.33.2",
                "@img/sharp-linuxmusl-arm64": "0.33.2",
                "@img/sharp-linuxmusl-x64": "0.33.2",
                "@img/sharp-wasm32": "0.33.2",
                "@img/sharp-win32-ia32": "0.33.2",
                "@img/sharp-win32-x64": "0.33.2"
            }
        },
        "node_modules/signal-exit": {
            "version": "4.1.0",
            "resolved": "https://registry.npmjs.org/signal-exit/-/signal-exit-4.1.0.tgz",
            "integrity": "sha512-bzyZ1e88w9O1iNJbKnOlvYTrWPDl46O1bG0D3XInv+9tkPrxrN8jUUTiFlDkkmKWgn1M6CfIA13SuGqOa9Korw==",
            "dev": true,
            "engines": {
                "node": ">=14"
            },
            "funding": {
                "url": "https://github.com/sponsors/isaacs"
            }
        },
        "node_modules/simple-swizzle": {
            "version": "0.2.2",
            "resolved": "https://registry.npmjs.org/simple-swizzle/-/simple-swizzle-0.2.2.tgz",
            "integrity": "sha512-JA//kQgZtbuY83m+xT+tXJkmJncGMTFT+C+g2h2R9uxkYIrE2yy9sgmcLhCnw57/WSD+Eh3J97FPEDFnbXnDUg==",
            "dependencies": {
                "is-arrayish": "^0.3.1"
            }
        },
        "node_modules/string-width": {
            "version": "4.2.3",
            "resolved": "https://registry.npmjs.org/string-width/-/string-width-4.2.3.tgz",
            "integrity": "sha512-wKyQRQpjJ0sIp62ErSZdGsjMJWsap5oRNihHhu6G7JVO/9jIB6UyevL+tXuOqrng8j/cxKTWyWUwvSTriiZz/g==",
            "dev": true,
            "dependencies": {
                "emoji-regex": "^8.0.0",
                "is-fullwidth-code-point": "^3.0.0",
                "strip-ansi": "^6.0.1"
            },
            "engines": {
                "node": ">=8"
            }
        },
        "node_modules/strip-ansi": {
            "version": "6.0.1",
            "resolved": "https://registry.npmjs.org/strip-ansi/-/strip-ansi-6.0.1.tgz",
            "integrity": "sha512-Y38VPSHcqkFrCpFnQ9vuSXmquuv5oXOKpGeT6aGrr3o3Gc9AlVa6JBfUSOCnbxGGZF+/0ooI7KrPuUSztUdU5A==",
            "dev": true,
            "dependencies": {
                "ansi-regex": "^5.0.1"
            },
            "engines": {
                "node": ">=8"
            }
        },
        "node_modules/supports-color": {
            "version": "7.2.0",
            "resolved": "https://registry.npmjs.org/supports-color/-/supports-color-7.2.0.tgz",
            "integrity": "sha512-qpCAvRl9stuOHveKsn7HncJRvv501qIacKzQlO/+Lwxc9+0q2wLyv4Dfvt80/DPn2pqOBsJdDiogXGR9+OvwRw==",
            "dev": true,
            "dependencies": {
                "has-flag": "^4.0.0"
            },
            "engines": {
                "node": ">=8"
            }
        },
        "node_modules/tmp": {
            "version": "0.0.33",
            "resolved": "https://registry.npmjs.org/tmp/-/tmp-0.0.33.tgz",
            "integrity": "sha512-jRCJlojKnZ3addtTOjdIqoRuPEKBvNXcGYqzO6zWZX8KfKEpnGY5jfggJQ3EjKuu8D4bJRr0y+cYJFmYbImXGw==",
            "dev": true,
            "dependencies": {
                "os-tmpdir": "~1.0.2"
            },
            "engines": {
                "node": ">=0.6.0"
            }
        },
        "node_modules/tslib": {
            "version": "2.6.2",
            "resolved": "https://registry.npmjs.org/tslib/-/tslib-2.6.2.tgz",
            "integrity": "sha512-AEYxH93jGFPn/a2iVAwW87VuUIkR1FVUKB77NwMF7nBTDkDrrT/Hpt/IrCJ0QXhW27jTBDcf5ZY7w6RiqTMw2Q==",
            "optional": true
        },
        "node_modules/type-fest": {
            "version": "0.21.3",
            "resolved": "https://registry.npmjs.org/type-fest/-/type-fest-0.21.3.tgz",
            "integrity": "sha512-t0rzBq87m3fVcduHDUFhKmyyX+9eo6WQjZvf51Ea/M0Q7+T374Jp1aUiyUl0GKxp8M/OETVHSDvmkyPgvX+X2w==",
            "dev": true,
            "engines": {
                "node": ">=10"
            },
            "funding": {
                "url": "https://github.com/sponsors/sindresorhus"
            }
        },
        "node_modules/undici-types": {
            "version": "5.26.5",
            "resolved": "https://registry.npmjs.org/undici-types/-/undici-types-5.26.5.tgz",
            "integrity": "sha512-JlCMO+ehdEIKqlFxk6IfVoAUVmgz7cU7zD/h9XZ0qzeosSHmUJVOzSQvvYSYWXkFXC+IfLKSIffhv0sVZup6pA==",
            "dev": true
        },
        "node_modules/wrap-ansi": {
            "version": "6.2.0",
            "resolved": "https://registry.npmjs.org/wrap-ansi/-/wrap-ansi-6.2.0.tgz",
            "integrity": "sha512-r6lPcBGxZXlIcymEu7InxDMhdW0KDxpLgoFLcguasxCaJ/SOIZwINatK9KY/tf+ZrlywOKU0UDj3ATXUBfxJXA==",
            "dev": true,
            "dependencies": {
                "ansi-styles": "^4.0.0",
                "string-width": "^4.1.0",
                "strip-ansi": "^6.0.0"
            },
            "engines": {
                "node": ">=8"
            }
        },
        "node_modules/yallist": {
            "version": "4.0.0",
            "resolved": "https://registry.npmjs.org/yallist/-/yallist-4.0.0.tgz",
            "integrity": "sha512-3wdGidZyq5PB084XLES5TpOSRA3wjXAlIWMhum2kRcv/41Sn2emQ0dycQW4uZXLejwKvg6EsvbdlVL+FYEct7A=="
        }
    }
}
